# This file is automatically @generated by Cargo.
# It is not intended for manual editing.
version = 4

[[package]]
name = "nested-package"
version = "0.0.0"

[[package]]
name = "nmp-rust-facade-fixture"
version = "0.0.0"
dependencies = [
 "renamed-package",
]

[[package]]
name = "renamed-package"
version = "0.0.0"
dependencies = [
 "nested-package",
]
